
Microsoft Visual Studio Solution File, Format Version 12.00
# Visual Studio Version 16
VisualStudioVersion = 16.0.30011.22
MinimumVisualStudioVersion = 10.0.40219.1
Project("{2150E333-8FDC-42A3-9474-1A3956D46DE8}") = "src", "src", "{B979D93D-EE6D-4AEC-801C-EEC35ACAC757}"
EndProject
Project("{2150E333-8FDC-42A3-9474-1A3956D46DE8}") = "Solution Items", "Solution Items", "{15C295B0-58D5-431E-A163-329A016A0CE7}"
	ProjectSection(SolutionItems) = preProject
		.gitignore = .gitignore
		docker-compose.yml = docker-compose.yml
		Dockerfile = Dockerfile
		sme_servidor_relatorios_dev.env = sme_servidor_relatorios_dev.env
	EndProjectSection
EndProject
Project("{2150E333-8FDC-42A3-9474-1A3956D46DE8}") = "scripts", "scripts", "{C5D9D209-30EC-4979-A4FB-B7C5C25BC981}"
EndProject
Project("{2150E333-8FDC-42A3-9474-1A3956D46DE8}") = "docs", "docs", "{51D77611-C335-4947-A2E6-276C38D30067}"
EndProject
Project("{9A19103F-16F7-4668-BE54-9A1E7A4F7556}") = "SME.SR.JRSClient", "src\SME.SR.JRSClient\SME.SR.JRSClient.csproj", "{907594C1-9BD4-43A1-AC1C-FF10CDB7311E}"
EndProject
Project("{2150E333-8FDC-42A3-9474-1A3956D46DE8}") = "jasperreports", "jasperreports", "{591DA308-BE92-4E1D-B567-6706C7A98AE0}"
EndProject
Project("{2150E333-8FDC-42A3-9474-1A3956D46DE8}") = "volumes", "volumes", "{11C09D14-6A02-4561-A09B-4B0506A58630}"
EndProject
Project("{2150E333-8FDC-42A3-9474-1A3956D46DE8}") = "mariadb", "mariadb", "{D4F70DF3-C067-4D0D-8496-08C60DF66E88}"
EndProject
Project("{9A19103F-16F7-4668-BE54-9A1E7A4F7556}") = "SME.SR.Infra", "src\SME.SR.Infra\SME.SR.Infra.csproj", "{3476E6E4-D28E-4D2C-8D35-9CA08E0C5943}"
EndProject
Project("{9A19103F-16F7-4668-BE54-9A1E7A4F7556}") = "SME.SR.JRSClientTest", "src\SME.SR.JRSClientTest\SME.SR.JRSClientTest.csproj", "{CAB097EB-3965-4CAC-9D89-4484F2588407}"
EndProject
Project("{9A19103F-16F7-4668-BE54-9A1E7A4F7556}") = "SME.SR.Workers.SGP", "src\SME.SR.Workers.SGP\SME.SR.Workers.SGP.csproj", "{427BD91B-6F30-483A-9CE9-B891A8D548BA}"
EndProject
Project("{9A19103F-16F7-4668-BE54-9A1E7A4F7556}") = "SME.SR.Data", "src\SME.SR.Data\SME.SR.Data.csproj", "{4278F871-85B4-41FA-8536-4703DDD5BDFE}"
EndProject
Project("{9A19103F-16F7-4668-BE54-9A1E7A4F7556}") = "SME.SR.Application", "src\SME.SR.Application\SME.SR.Application.csproj", "{EDE9B625-864A-44DC-A876-0478B57B3E78}"
EndProject
Project("{9A19103F-16F7-4668-BE54-9A1E7A4F7556}") = "SME.SR.HtmlPdf", "src\SME.SR.HtmlPdf\SME.SR.HtmlPdf.csproj", "{9042A364-A11F-48D8-89B9-37206A11C234}"
EndProject
Project("{9A19103F-16F7-4668-BE54-9A1E7A4F7556}") = "SME.SR.MVC", "src\SME.SR.MVC\SME.SR.MVC.csproj", "{28E09631-A447-4949-9A48-3D8AEF791F8A}"
EndProject
Project("{9A19103F-16F7-4668-BE54-9A1E7A4F7556}") = "SME.SR.IoC", "src\SME.SR.IoC\SME.SR.IoC.csproj", "{D0BA0320-ABEB-481B-BB62-63E6E5F04857}"
EndProject
Project("{2150E333-8FDC-42A3-9474-1A3956D46DE8}") = "testes", "testes", "{FA28DF5D-AD66-49B6-8EF9-896770157A7B}"
EndProject
Project("{9A19103F-16F7-4668-BE54-9A1E7A4F7556}") = "SME.SR.Testes.QueryHandlers", "testes\SME.SR.Testes.QueryHandlers\SME.SR.Testes.QueryHandlers.csproj", "{C0C85753-0700-4D3A-9195-66E8374FB3EA}"
EndProject
Project("{E53339B2-1760-4266-BCC7-CA923CBCF16C}") = "docker-compose", "docker-compose.dcproj", "{593BCB6A-CEC1-4EF2-98FD-DAA0AE6EEEA3}"
EndProject
Project("{FAE04EC0-301F-11D3-BF4B-00C04F79EFBC}") = "SME.SR.Aplicacao.Teste", "testes\SME.SR.Aplicacao.Teste\SME.SR.Aplicacao.Teste.csproj", "{6F01C74B-631B-4588-9420-1DA782C806FE}"
EndProject
Global
	GlobalSection(SolutionConfigurationPlatforms) = preSolution
		Debug|Any CPU = Debug|Any CPU
		Release|Any CPU = Release|Any CPU
	EndGlobalSection
	GlobalSection(ProjectConfigurationPlatforms) = postSolution
		{907594C1-9BD4-43A1-AC1C-FF10CDB7311E}.Debug|Any CPU.ActiveCfg = Debug|Any CPU
		{907594C1-9BD4-43A1-AC1C-FF10CDB7311E}.Debug|Any CPU.Build.0 = Debug|Any CPU
		{907594C1-9BD4-43A1-AC1C-FF10CDB7311E}.Release|Any CPU.ActiveCfg = Release|Any CPU
		{907594C1-9BD4-43A1-AC1C-FF10CDB7311E}.Release|Any CPU.Build.0 = Release|Any CPU
		{3476E6E4-D28E-4D2C-8D35-9CA08E0C5943}.Debug|Any CPU.ActiveCfg = Debug|Any CPU
		{3476E6E4-D28E-4D2C-8D35-9CA08E0C5943}.Debug|Any CPU.Build.0 = Debug|Any CPU
		{3476E6E4-D28E-4D2C-8D35-9CA08E0C5943}.Release|Any CPU.ActiveCfg = Release|Any CPU
		{3476E6E4-D28E-4D2C-8D35-9CA08E0C5943}.Release|Any CPU.Build.0 = Release|Any CPU
		{CAB097EB-3965-4CAC-9D89-4484F2588407}.Debug|Any CPU.ActiveCfg = Debug|Any CPU
		{CAB097EB-3965-4CAC-9D89-4484F2588407}.Debug|Any CPU.Build.0 = Debug|Any CPU
		{CAB097EB-3965-4CAC-9D89-4484F2588407}.Release|Any CPU.ActiveCfg = Release|Any CPU
		{CAB097EB-3965-4CAC-9D89-4484F2588407}.Release|Any CPU.Build.0 = Release|Any CPU
		{427BD91B-6F30-483A-9CE9-B891A8D548BA}.Debug|Any CPU.ActiveCfg = Debug|Any CPU
		{427BD91B-6F30-483A-9CE9-B891A8D548BA}.Debug|Any CPU.Build.0 = Debug|Any CPU
		{427BD91B-6F30-483A-9CE9-B891A8D548BA}.Release|Any CPU.ActiveCfg = Release|Any CPU
		{427BD91B-6F30-483A-9CE9-B891A8D548BA}.Release|Any CPU.Build.0 = Release|Any CPU
		{4278F871-85B4-41FA-8536-4703DDD5BDFE}.Debug|Any CPU.ActiveCfg = Debug|Any CPU
		{4278F871-85B4-41FA-8536-4703DDD5BDFE}.Debug|Any CPU.Build.0 = Debug|Any CPU
		{4278F871-85B4-41FA-8536-4703DDD5BDFE}.Release|Any CPU.ActiveCfg = Release|Any CPU
		{4278F871-85B4-41FA-8536-4703DDD5BDFE}.Release|Any CPU.Build.0 = Release|Any CPU
		{EDE9B625-864A-44DC-A876-0478B57B3E78}.Debug|Any CPU.ActiveCfg = Debug|Any CPU
		{EDE9B625-864A-44DC-A876-0478B57B3E78}.Debug|Any CPU.Build.0 = Debug|Any CPU
		{EDE9B625-864A-44DC-A876-0478B57B3E78}.Release|Any CPU.ActiveCfg = Release|Any CPU
		{EDE9B625-864A-44DC-A876-0478B57B3E78}.Release|Any CPU.Build.0 = Release|Any CPU
		{9042A364-A11F-48D8-89B9-37206A11C234}.Debug|Any CPU.ActiveCfg = Debug|Any CPU
		{9042A364-A11F-48D8-89B9-37206A11C234}.Debug|Any CPU.Build.0 = Debug|Any CPU
		{9042A364-A11F-48D8-89B9-37206A11C234}.Release|Any CPU.ActiveCfg = Release|Any CPU
		{9042A364-A11F-48D8-89B9-37206A11C234}.Release|Any CPU.Build.0 = Release|Any CPU
		{28E09631-A447-4949-9A48-3D8AEF791F8A}.Debug|Any CPU.ActiveCfg = Debug|Any CPU
		{28E09631-A447-4949-9A48-3D8AEF791F8A}.Debug|Any CPU.Build.0 = Debug|Any CPU
		{28E09631-A447-4949-9A48-3D8AEF791F8A}.Release|Any CPU.ActiveCfg = Release|Any CPU
		{28E09631-A447-4949-9A48-3D8AEF791F8A}.Release|Any CPU.Build.0 = Release|Any CPU
		{D0BA0320-ABEB-481B-BB62-63E6E5F04857}.Debug|Any CPU.ActiveCfg = Debug|Any CPU
		{D0BA0320-ABEB-481B-BB62-63E6E5F04857}.Debug|Any CPU.Build.0 = Debug|Any CPU
		{D0BA0320-ABEB-481B-BB62-63E6E5F04857}.Release|Any CPU.ActiveCfg = Release|Any CPU
		{D0BA0320-ABEB-481B-BB62-63E6E5F04857}.Release|Any CPU.Build.0 = Release|Any CPU
		{C0C85753-0700-4D3A-9195-66E8374FB3EA}.Debug|Any CPU.ActiveCfg = Debug|Any CPU
		{C0C85753-0700-4D3A-9195-66E8374FB3EA}.Debug|Any CPU.Build.0 = Debug|Any CPU
		{C0C85753-0700-4D3A-9195-66E8374FB3EA}.Release|Any CPU.ActiveCfg = Release|Any CPU
		{C0C85753-0700-4D3A-9195-66E8374FB3EA}.Release|Any CPU.Build.0 = Release|Any CPU
		{593BCB6A-CEC1-4EF2-98FD-DAA0AE6EEEA3}.Debug|Any CPU.ActiveCfg = Debug|Any CPU
		{593BCB6A-CEC1-4EF2-98FD-DAA0AE6EEEA3}.Debug|Any CPU.Build.0 = Debug|Any CPU
		{593BCB6A-CEC1-4EF2-98FD-DAA0AE6EEEA3}.Release|Any CPU.ActiveCfg = Release|Any CPU
		{593BCB6A-CEC1-4EF2-98FD-DAA0AE6EEEA3}.Release|Any CPU.Build.0 = Release|Any CPU
		{6F01C74B-631B-4588-9420-1DA782C806FE}.Debug|Any CPU.ActiveCfg = Debug|Any CPU
		{6F01C74B-631B-4588-9420-1DA782C806FE}.Debug|Any CPU.Build.0 = Debug|Any CPU
		{6F01C74B-631B-4588-9420-1DA782C806FE}.Release|Any CPU.ActiveCfg = Release|Any CPU
		{6F01C74B-631B-4588-9420-1DA782C806FE}.Release|Any CPU.Build.0 = Release|Any CPU
	EndGlobalSection
	GlobalSection(SolutionProperties) = preSolution
		HideSolutionNode = FALSE
	EndGlobalSection
	GlobalSection(NestedProjects) = preSolution
		{907594C1-9BD4-43A1-AC1C-FF10CDB7311E} = {B979D93D-EE6D-4AEC-801C-EEC35ACAC757}
		{591DA308-BE92-4E1D-B567-6706C7A98AE0} = {11C09D14-6A02-4561-A09B-4B0506A58630}
		{D4F70DF3-C067-4D0D-8496-08C60DF66E88} = {11C09D14-6A02-4561-A09B-4B0506A58630}
		{3476E6E4-D28E-4D2C-8D35-9CA08E0C5943} = {B979D93D-EE6D-4AEC-801C-EEC35ACAC757}
		{CAB097EB-3965-4CAC-9D89-4484F2588407} = {B979D93D-EE6D-4AEC-801C-EEC35ACAC757}
		{427BD91B-6F30-483A-9CE9-B891A8D548BA} = {B979D93D-EE6D-4AEC-801C-EEC35ACAC757}
		{4278F871-85B4-41FA-8536-4703DDD5BDFE} = {B979D93D-EE6D-4AEC-801C-EEC35ACAC757}
		{EDE9B625-864A-44DC-A876-0478B57B3E78} = {B979D93D-EE6D-4AEC-801C-EEC35ACAC757}
		{9042A364-A11F-48D8-89B9-37206A11C234} = {B979D93D-EE6D-4AEC-801C-EEC35ACAC757}
		{28E09631-A447-4949-9A48-3D8AEF791F8A} = {B979D93D-EE6D-4AEC-801C-EEC35ACAC757}
		{D0BA0320-ABEB-481B-BB62-63E6E5F04857} = {B979D93D-EE6D-4AEC-801C-EEC35ACAC757}
		{C0C85753-0700-4D3A-9195-66E8374FB3EA} = {FA28DF5D-AD66-49B6-8EF9-896770157A7B}
		{6F01C74B-631B-4588-9420-1DA782C806FE} = {FA28DF5D-AD66-49B6-8EF9-896770157A7B}
	EndGlobalSection
	GlobalSection(ExtensibilityGlobals) = postSolution
		SolutionGuid = {9AE2AB42-F2D2-45C7-A100-51BBE2AD0D3A}
	EndGlobalSection
EndGlobal
